// !$*UTF8*$!
{
	archiveVersion = 1;
	classes = {
	};
	objectVersion = 52;
	objects = {

/* Begin PBXBuildFile section */
		2617A86825C09AD1008DD63A /* Assets.xcassets in Resources */ = {isa = PBXBuildFile; fileRef = 2617A86725C09AD1008DD63A /* Assets.xcassets */; };
		262E153925C73B1E00D26E2B /* GoogleMobileAds.xcframework in Frameworks */ = {isa = PBXBuildFile; fileRef = 262E153825C73B1E00D26E2B /* GoogleMobileAds.xcframework */; };
		262E153E25C73B9200D26E2B /* GoogleAppMeasurement.xcframework in Frameworks */ = {isa = PBXBuildFile; fileRef = 262E153D25C73B9200D26E2B /* GoogleAppMeasurement.xcframework */; };
		262E154325C73B9900D26E2B /* GoogleUtilities.framework in Frameworks */ = {isa = PBXBuildFile; fileRef = 262E154225C73B9900D26E2B /* GoogleUtilities.framework */; };
		2659FA2225E69951000D33E6 /* SaveiCloud.swift in Sources */ = {isa = PBXBuildFile; fileRef = 2659FA2125E69951000D33E6 /* SaveiCloud.swift */; };
		2659FA2E25E69989000D33E6 /* CloudKit.framework in Frameworks */ = {isa = PBXBuildFile; fileRef = 2659FA2D25E69989000D33E6 /* CloudKit.framework */; };
		2659FA3925E6A342000D33E6 /* Alert.swift in Sources */ = {isa = PBXBuildFile; fileRef = 2659FA3825E6A342000D33E6 /* Alert.swift */; };
		266DB64E25C85BE400CBD1A3 /* Localizable.strings in Resources */ = {isa = PBXBuildFile; fileRef = 266DB65025C85BE400CBD1A3 /* Localizable.strings */; };
		26817BCD25C2337400B27434 /* MathOperations.swift in Sources */ = {isa = PBXBuildFile; fileRef = 26817BCC25C2337400B27434 /* MathOperations.swift */; };
		26AD6C8E25DD6D5700F00D40 /* HistoryController.swift in Sources */ = {isa = PBXBuildFile; fileRef = 26AD6C8D25DD6D5700F00D40 /* HistoryController.swift */; };
		26E6EDAA25BF394E001B97E5 /* AppDelegate.swift in Sources */ = {isa = PBXBuildFile; fileRef = 26E6EDA925BF394E001B97E5 /* AppDelegate.swift */; };
		26E6EDAC25BF394E001B97E5 /* SceneDelegate.swift in Sources */ = {isa = PBXBuildFile; fileRef = 26E6EDAB25BF394E001B97E5 /* SceneDelegate.swift */; };
		26E6EDAE25BF394E001B97E5 /* ViewController.swift in Sources */ = {isa = PBXBuildFile; fileRef = 26E6EDAD25BF394E001B97E5 /* ViewController.swift */; };
		26E6EDB125BF394E001B97E5 /* Main.storyboard in Resources */ = {isa = PBXBuildFile; fileRef = 26E6EDAF25BF394E001B97E5 /* Main.storyboard */; };
		26E6EDB425BF394E001B97E5 /* Smart_Car.xcdatamodeld in Sources */ = {isa = PBXBuildFile; fileRef = 26E6EDB225BF394E001B97E5 /* Smart_Car.xcdatamodeld */; };
		26E6EDB925BF394F001B97E5 /* LaunchScreen.storyboard in Resources */ = {isa = PBXBuildFile; fileRef = 26E6EDB725BF394F001B97E5 /* LaunchScreen.storyboard */; };
		26E6EDC425BF3950001B97E5 /* Smart_CarTests.swift in Sources */ = {isa = PBXBuildFile; fileRef = 26E6EDC325BF3950001B97E5 /* Smart_CarTests.swift */; };
		26E6EDCF25BF3950001B97E5 /* Smart_CarUITests.swift in Sources */ = {isa = PBXBuildFile; fileRef = 26E6EDCE25BF3950001B97E5 /* Smart_CarUITests.swift */; };
		91975B24CE278FBA4137112B /* Pods_Smart_Car.framework in Frameworks */ = {isa = PBXBuildFile; fileRef = B626758739AD5FD27AE9F100 /* Pods_Smart_Car.framework */; };
		C534A874A32683991C865457 /* Pods_Smart_Car_Smart_CarUITests.framework in Frameworks */ = {isa = PBXBuildFile; fileRef = 483EF7B54B5C041BF65AB519 /* Pods_Smart_Car_Smart_CarUITests.framework */; };
		E77A256539533301BB8766B3 /* Pods_Smart_CarTests.framework in Frameworks */ = {isa = PBXBuildFile; fileRef = 4BBCE4846D83F7EAFF24326C /* Pods_Smart_CarTests.framework */; };
/* End PBXBuildFile section */

/* Begin PBXContainerItemProxy section */
		26E6EDC025BF3950001B97E5 /* PBXContainerItemProxy */ = {
			isa = PBXContainerItemProxy;
			containerPortal = 26E6ED9E25BF394E001B97E5 /* Project object */;
			proxyType = 1;
			remoteGlobalIDString = 26E6EDA525BF394E001B97E5;
			remoteInfo = Smart_Car;
		};
		26E6EDCB25BF3950001B97E5 /* PBXContainerItemProxy */ = {
			isa = PBXContainerItemProxy;
			containerPortal = 26E6ED9E25BF394E001B97E5 /* Project object */;
			proxyType = 1;
			remoteGlobalIDString = 26E6EDA525BF394E001B97E5;
			remoteInfo = Smart_Car;
		};
/* End PBXContainerItemProxy section */

/* Begin PBXFileReference section */
		2606774E25CC5719004FA4E5 /* da */ = {isa = PBXFileReference; lastKnownFileType = text.plist.strings; name = da; path = da.lproj/Main.strings; sourceTree = "<group>"; };
		2606774F25CC5719004FA4E5 /* da */ = {isa = PBXFileReference; lastKnownFileType = text.plist.strings; name = da; path = da.lproj/LaunchScreen.strings; sourceTree = "<group>"; };
		2606775025CC571A004FA4E5 /* da */ = {isa = PBXFileReference; lastKnownFileType = text.plist.strings; name = da; path = da.lproj/Localizable.strings; sourceTree = "<group>"; };
		2617A86725C09AD1008DD63A /* Assets.xcassets */ = {isa = PBXFileReference; lastKnownFileType = folder.assetcatalog; path = Assets.xcassets; sourceTree = "<group>"; };
		262E153825C73B1E00D26E2B /* GoogleMobileAds.xcframework */ = {isa = PBXFileReference; lastKnownFileType = wrapper.xcframework; name = GoogleMobileAds.xcframework; path = "Pods/Google-Mobile-Ads-SDK/Frameworks/GoogleMobileAdsFramework-Current/GoogleMobileAds.xcframework"; sourceTree = "<group>"; };
		262E153D25C73B9200D26E2B /* GoogleAppMeasurement.xcframework */ = {isa = PBXFileReference; lastKnownFileType = wrapper.xcframework; name = GoogleAppMeasurement.xcframework; path = Pods/GoogleAppMeasurement/Frameworks/GoogleAppMeasurement.xcframework; sourceTree = "<group>"; };
		262E154225C73B9900D26E2B /* GoogleUtilities.framework */ = {isa = PBXFileReference; explicitFileType = wrapper.framework; path = GoogleUtilities.framework; sourceTree = BUILT_PRODUCTS_DIR; };
		2659FA2125E69951000D33E6 /* SaveiCloud.swift */ = {isa = PBXFileReference; lastKnownFileType = sourcecode.swift; path = SaveiCloud.swift; sourceTree = "<group>"; };
		2659FA2925E69986000D33E6 /* Smart_Car.entitlements */ = {isa = PBXFileReference; lastKnownFileType = text.plist.entitlements; path = Smart_Car.entitlements; sourceTree = "<group>"; };
		2659FA2D25E69989000D33E6 /* CloudKit.framework */ = {isa = PBXFileReference; lastKnownFileType = wrapper.framework; name = CloudKit.framework; path = System/Library/Frameworks/CloudKit.framework; sourceTree = SDKROOT; };
		2659FA3825E6A342000D33E6 /* Alert.swift */ = {isa = PBXFileReference; lastKnownFileType = sourcecode.swift; path = Alert.swift; sourceTree = "<group>"; };
		2662C5E925DC637B00891DD3 /* en */ = {isa = PBXFileReference; lastKnownFileType = text.plist.strings; name = en; path = en.lproj/Main.strings; sourceTree = "<group>"; };
		266DB63A25C85B5000CBD1A3 /* sv */ = {isa = PBXFileReference; lastKnownFileType = text.plist.strings; name = sv; path = sv.lproj/Main.strings; sourceTree = "<group>"; };
		266DB63E25C85B5000CBD1A3 /* sv */ = {isa = PBXFileReference; lastKnownFileType = text.plist.strings; name = sv; path = sv.lproj/LaunchScreen.strings; sourceTree = "<group>"; };
		266DB64225C85B5F00CBD1A3 /* pl */ = {isa = PBXFileReference; lastKnownFileType = text.plist.strings; name = pl; path = pl.lproj/Main.strings; sourceTree = "<group>"; };
		266DB64325C85B6000CBD1A3 /* pl */ = {isa = PBXFileReference; lastKnownFileType = text.plist.strings; name = pl; path = pl.lproj/LaunchScreen.strings; sourceTree = "<group>"; };
		266DB64425C85B9200CBD1A3 /* ru */ = {isa = PBXFileReference; lastKnownFileType = text.plist.strings; name = ru; path = ru.lproj/Main.strings; sourceTree = "<group>"; };
		266DB64525C85B9300CBD1A3 /* ru */ = {isa = PBXFileReference; lastKnownFileType = text.plist.strings; name = ru; path = ru.lproj/LaunchScreen.strings; sourceTree = "<group>"; };
		266DB64625C85B9D00CBD1A3 /* fr */ = {isa = PBXFileReference; lastKnownFileType = text.plist.strings; name = fr; path = fr.lproj/Main.strings; sourceTree = "<group>"; };
		266DB64725C85B9D00CBD1A3 /* fr */ = {isa = PBXFileReference; lastKnownFileType = text.plist.strings; name = fr; path = fr.lproj/LaunchScreen.strings; sourceTree = "<group>"; };
		266DB64F25C85BE400CBD1A3 /* en */ = {isa = PBXFileReference; lastKnownFileType = text.plist.strings; name = en; path = en.lproj/Localizable.strings; sourceTree = "<group>"; };
		266DB65425C85BE700CBD1A3 /* fr */ = {isa = PBXFileReference; lastKnownFileType = text.plist.strings; name = fr; path = fr.lproj/Localizable.strings; sourceTree = "<group>"; };
		266DB65525C85BE800CBD1A3 /* ru */ = {isa = PBXFileReference; lastKnownFileType = text.plist.strings; name = ru; path = ru.lproj/Localizable.strings; sourceTree = "<group>"; };
		266DB65625C85BE900CBD1A3 /* pl */ = {isa = PBXFileReference; lastKnownFileType = text.plist.strings; name = pl; path = pl.lproj/Localizable.strings; sourceTree = "<group>"; };
		266DB65725C85BEA00CBD1A3 /* sv */ = {isa = PBXFileReference; lastKnownFileType = text.plist.strings; name = sv; path = sv.lproj/Localizable.strings; sourceTree = "<group>"; };
		266DB65B25C8646600CBD1A3 /* nl */ = {isa = PBXFileReference; lastKnownFileType = text.plist.strings; name = nl; path = nl.lproj/Main.strings; sourceTree = "<group>"; };
		266DB65C25C8646700CBD1A3 /* nl */ = {isa = PBXFileReference; lastKnownFileType = text.plist.strings; name = nl; path = nl.lproj/LaunchScreen.strings; sourceTree = "<group>"; };
		266DB65D25C8646700CBD1A3 /* nl */ = {isa = PBXFileReference; lastKnownFileType = text.plist.strings; name = nl; path = nl.lproj/Localizable.strings; sourceTree = "<group>"; };
		266DB66D25C8815E00CBD1A3 /* de */ = {isa = PBXFileReference; lastKnownFileType = text.plist.strings; name = de; path = de.lproj/Main.strings; sourceTree = "<group>"; };
		266DB66E25C8815E00CBD1A3 /* de */ = {isa = PBXFileReference; lastKnownFileType = text.plist.strings; name = de; path = de.lproj/LaunchScreen.strings; sourceTree = "<group>"; };
		266DB66F25C8815E00CBD1A3 /* de */ = {isa = PBXFileReference; lastKnownFileType = text.plist.strings; name = de; path = de.lproj/Localizable.strings; sourceTree = "<group>"; };
		26817BCC25C2337400B27434 /* MathOperations.swift */ = {isa = PBXFileReference; lastKnownFileType = sourcecode.swift; path = MathOperations.swift; sourceTree = "<group>"; };
		26AD6C8D25DD6D5700F00D40 /* HistoryController.swift */ = {isa = PBXFileReference; lastKnownFileType = sourcecode.swift; path = HistoryController.swift; sourceTree = "<group>"; };
		26E6EDA625BF394E001B97E5 /* Smart_Car.app */ = {isa = PBXFileReference; explicitFileType = wrapper.application; includeInIndex = 0; path = Smart_Car.app; sourceTree = BUILT_PRODUCTS_DIR; };
		26E6EDA925BF394E001B97E5 /* AppDelegate.swift */ = {isa = PBXFileReference; lastKnownFileType = sourcecode.swift; path = AppDelegate.swift; sourceTree = "<group>"; };
		26E6EDAB25BF394E001B97E5 /* SceneDelegate.swift */ = {isa = PBXFileReference; lastKnownFileType = sourcecode.swift; path = SceneDelegate.swift; sourceTree = "<group>"; };
		26E6EDAD25BF394E001B97E5 /* ViewController.swift */ = {isa = PBXFileReference; lastKnownFileType = sourcecode.swift; path = ViewController.swift; sourceTree = "<group>"; };
		26E6EDB025BF394E001B97E5 /* Base */ = {isa = PBXFileReference; lastKnownFileType = file.storyboard; name = Base; path = Base.lproj/Main.storyboard; sourceTree = "<group>"; };
		26E6EDB325BF394E001B97E5 /* Smart_Car.xcdatamodel */ = {isa = PBXFileReference; lastKnownFileType = wrapper.xcdatamodel; path = Smart_Car.xcdatamodel; sourceTree = "<group>"; };
		26E6EDB825BF394F001B97E5 /* Base */ = {isa = PBXFileReference; lastKnownFileType = file.storyboard; name = Base; path = Base.lproj/LaunchScreen.storyboard; sourceTree = "<group>"; };
		26E6EDBA25BF394F001B97E5 /* Info.plist */ = {isa = PBXFileReference; lastKnownFileType = text.plist.xml; path = Info.plist; sourceTree = "<group>"; };
		26E6EDBF25BF3950001B97E5 /* Smart_CarTests.xctest */ = {isa = PBXFileReference; explicitFileType = wrapper.cfbundle; includeInIndex = 0; path = Smart_CarTests.xctest; sourceTree = BUILT_PRODUCTS_DIR; };
		26E6EDC325BF3950001B97E5 /* Smart_CarTests.swift */ = {isa = PBXFileReference; lastKnownFileType = sourcecode.swift; path = Smart_CarTests.swift; sourceTree = "<group>"; };
		26E6EDC525BF3950001B97E5 /* Info.plist */ = {isa = PBXFileReference; lastKnownFileType = text.plist.xml; path = Info.plist; sourceTree = "<group>"; };
		26E6EDCA25BF3950001B97E5 /* Smart_CarUITests.xctest */ = {isa = PBXFileReference; explicitFileType = wrapper.cfbundle; includeInIndex = 0; path = Smart_CarUITests.xctest; sourceTree = BUILT_PRODUCTS_DIR; };
		26E6EDCE25BF3950001B97E5 /* Smart_CarUITests.swift */ = {isa = PBXFileReference; lastKnownFileType = sourcecode.swift; path = Smart_CarUITests.swift; sourceTree = "<group>"; };
		26E6EDD025BF3950001B97E5 /* Info.plist */ = {isa = PBXFileReference; lastKnownFileType = text.plist.xml; path = Info.plist; sourceTree = "<group>"; };
		483EF7B54B5C041BF65AB519 /* Pods_Smart_Car_Smart_CarUITests.framework */ = {isa = PBXFileReference; explicitFileType = wrapper.framework; includeInIndex = 0; path = Pods_Smart_Car_Smart_CarUITests.framework; sourceTree = BUILT_PRODUCTS_DIR; };
		4BBCE4846D83F7EAFF24326C /* Pods_Smart_CarTests.framework */ = {isa = PBXFileReference; explicitFileType = wrapper.framework; includeInIndex = 0; path = Pods_Smart_CarTests.framework; sourceTree = BUILT_PRODUCTS_DIR; };
		6153666467B750C152C0A1A0 /* Pods-Smart_Car-Smart_CarUITests.debug.xcconfig */ = {isa = PBXFileReference; includeInIndex = 1; lastKnownFileType = text.xcconfig; name = "Pods-Smart_Car-Smart_CarUITests.debug.xcconfig"; path = "Target Support Files/Pods-Smart_Car-Smart_CarUITests/Pods-Smart_Car-Smart_CarUITests.debug.xcconfig"; sourceTree = "<group>"; };
		A305CCC33DE0BF5CBD46F5E9 /* Pods-Smart_Car.release.xcconfig */ = {isa = PBXFileReference; includeInIndex = 1; lastKnownFileType = text.xcconfig; name = "Pods-Smart_Car.release.xcconfig"; path = "Target Support Files/Pods-Smart_Car/Pods-Smart_Car.release.xcconfig"; sourceTree = "<group>"; };
		AD42F10D0E3C970FB52CBFCB /* Pods-Smart_CarTests.release.xcconfig */ = {isa = PBXFileReference; includeInIndex = 1; lastKnownFileType = text.xcconfig; name = "Pods-Smart_CarTests.release.xcconfig"; path = "Target Support Files/Pods-Smart_CarTests/Pods-Smart_CarTests.release.xcconfig"; sourceTree = "<group>"; };
		B26B7AC08CE04BADA99811BD /* Pods-Smart_Car.debug.xcconfig */ = {isa = PBXFileReference; includeInIndex = 1; lastKnownFileType = text.xcconfig; name = "Pods-Smart_Car.debug.xcconfig"; path = "Target Support Files/Pods-Smart_Car/Pods-Smart_Car.debug.xcconfig"; sourceTree = "<group>"; };
		B626758739AD5FD27AE9F100 /* Pods_Smart_Car.framework */ = {isa = PBXFileReference; explicitFileType = wrapper.framework; includeInIndex = 0; path = Pods_Smart_Car.framework; sourceTree = BUILT_PRODUCTS_DIR; };
		E5B5279CCC33B47477D75138 /* Pods-Smart_Car-Smart_CarUITests.release.xcconfig */ = {isa = PBXFileReference; includeInIndex = 1; lastKnownFileType = text.xcconfig; name = "Pods-Smart_Car-Smart_CarUITests.release.xcconfig"; path = "Target Support Files/Pods-Smart_Car-Smart_CarUITests/Pods-Smart_Car-Smart_CarUITests.release.xcconfig"; sourceTree = "<group>"; };
		FB8B9EF68A716BF707BF2A37 /* Pods-Smart_CarTests.debug.xcconfig */ = {isa = PBXFileReference; includeInIndex = 1; lastKnownFileType = text.xcconfig; name = "Pods-Smart_CarTests.debug.xcconfig"; path = "Target Support Files/Pods-Smart_CarTests/Pods-Smart_CarTests.debug.xcconfig"; sourceTree = "<group>"; };
/* End PBXFileReference section */

/* Begin PBXFrameworksBuildPhase section */
		26E6EDA325BF394E001B97E5 /* Frameworks */ = {
			isa = PBXFrameworksBuildPhase;
			buildActionMask = 2147483647;
			files = (
				2659FA2E25E69989000D33E6 /* CloudKit.framework in Frameworks */,
				262E153E25C73B9200D26E2B /* GoogleAppMeasurement.xcframework in Frameworks */,
				262E153925C73B1E00D26E2B /* GoogleMobileAds.xcframework in Frameworks */,
				262E154325C73B9900D26E2B /* GoogleUtilities.framework in Frameworks */,
				91975B24CE278FBA4137112B /* Pods_Smart_Car.framework in Frameworks */,
			);
			runOnlyForDeploymentPostprocessing = 0;
		};
		26E6EDBC25BF3950001B97E5 /* Frameworks */ = {
			isa = PBXFrameworksBuildPhase;
			buildActionMask = 2147483647;
			files = (
				E77A256539533301BB8766B3 /* Pods_Smart_CarTests.framework in Frameworks */,
			);
			runOnlyForDeploymentPostprocessing = 0;
		};
		26E6EDC725BF3950001B97E5 /* Frameworks */ = {
			isa = PBXFrameworksBuildPhase;
			buildActionMask = 2147483647;
			files = (
				C534A874A32683991C865457 /* Pods_Smart_Car_Smart_CarUITests.framework in Frameworks */,
			);
			runOnlyForDeploymentPostprocessing = 0;
		};
/* End PBXFrameworksBuildPhase section */

/* Begin PBXGroup section */
		2659FA2025E69932000D33E6 /* CloudConnection */ = {
			isa = PBXGroup;
			children = (
				2659FA2125E69951000D33E6 /* SaveiCloud.swift */,
			);
			path = CloudConnection;
			sourceTree = "<group>";
		};
		2659FA3725E6A328000D33E6 /* Alerts */ = {
			isa = PBXGroup;
			children = (
				2659FA3825E6A342000D33E6 /* Alert.swift */,
			);
			path = Alerts;
			sourceTree = "<group>";
		};
		26E6ED9D25BF394E001B97E5 = {
			isa = PBXGroup;
			children = (
				26E6EDA825BF394E001B97E5 /* Smart_Car */,
				26E6EDC225BF3950001B97E5 /* Smart_CarTests */,
				26E6EDCD25BF3950001B97E5 /* Smart_CarUITests */,
				26E6EDA725BF394E001B97E5 /* Products */,
				80006CF43FC8A5315B9C61BD /* Pods */,
				6240737A5685EBCF856D3FA1 /* Frameworks */,
			);
			sourceTree = "<group>";
		};
		26E6EDA725BF394E001B97E5 /* Products */ = {
			isa = PBXGroup;
			children = (
				26E6EDA625BF394E001B97E5 /* Smart_Car.app */,
				26E6EDBF25BF3950001B97E5 /* Smart_CarTests.xctest */,
				26E6EDCA25BF3950001B97E5 /* Smart_CarUITests.xctest */,
			);
			name = Products;
			sourceTree = "<group>";
		};
		26E6EDA825BF394E001B97E5 /* Smart_Car */ = {
			isa = PBXGroup;
			children = (
				2659FA3725E6A328000D33E6 /* Alerts */,
				2659FA2925E69986000D33E6 /* Smart_Car.entitlements */,
				2659FA2025E69932000D33E6 /* CloudConnection */,
				266DB65025C85BE400CBD1A3 /* Localizable.strings */,
				26E6EDA925BF394E001B97E5 /* AppDelegate.swift */,
				26E6EDAB25BF394E001B97E5 /* SceneDelegate.swift */,
				26AD6C8D25DD6D5700F00D40 /* HistoryController.swift */,
				26E6EDAD25BF394E001B97E5 /* ViewController.swift */,
				26817BCC25C2337400B27434 /* MathOperations.swift */,
				26E6EDAF25BF394E001B97E5 /* Main.storyboard */,
				2617A86725C09AD1008DD63A /* Assets.xcassets */,
				26E6EDB725BF394F001B97E5 /* LaunchScreen.storyboard */,
				26E6EDBA25BF394F001B97E5 /* Info.plist */,
				26E6EDB225BF394E001B97E5 /* Smart_Car.xcdatamodeld */,
			);
			path = Smart_Car;
			sourceTree = "<group>";
		};
		26E6EDC225BF3950001B97E5 /* Smart_CarTests */ = {
			isa = PBXGroup;
			children = (
				26E6EDC325BF3950001B97E5 /* Smart_CarTests.swift */,
				26E6EDC525BF3950001B97E5 /* Info.plist */,
			);
			path = Smart_CarTests;
			sourceTree = "<group>";
		};
		26E6EDCD25BF3950001B97E5 /* Smart_CarUITests */ = {
			isa = PBXGroup;
			children = (
				26E6EDCE25BF3950001B97E5 /* Smart_CarUITests.swift */,
				26E6EDD025BF3950001B97E5 /* Info.plist */,
			);
			path = Smart_CarUITests;
			sourceTree = "<group>";
		};
		6240737A5685EBCF856D3FA1 /* Frameworks */ = {
			isa = PBXGroup;
			children = (
				2659FA2D25E69989000D33E6 /* CloudKit.framework */,
				262E154225C73B9900D26E2B /* GoogleUtilities.framework */,
				262E153D25C73B9200D26E2B /* GoogleAppMeasurement.xcframework */,
				262E153825C73B1E00D26E2B /* GoogleMobileAds.xcframework */,
				B626758739AD5FD27AE9F100 /* Pods_Smart_Car.framework */,
				483EF7B54B5C041BF65AB519 /* Pods_Smart_Car_Smart_CarUITests.framework */,
				4BBCE4846D83F7EAFF24326C /* Pods_Smart_CarTests.framework */,
			);
			name = Frameworks;
			sourceTree = "<group>";
		};
		80006CF43FC8A5315B9C61BD /* Pods */ = {
			isa = PBXGroup;
			children = (
				B26B7AC08CE04BADA99811BD /* Pods-Smart_Car.debug.xcconfig */,
				A305CCC33DE0BF5CBD46F5E9 /* Pods-Smart_Car.release.xcconfig */,
				6153666467B750C152C0A1A0 /* Pods-Smart_Car-Smart_CarUITests.debug.xcconfig */,
				E5B5279CCC33B47477D75138 /* Pods-Smart_Car-Smart_CarUITests.release.xcconfig */,
				FB8B9EF68A716BF707BF2A37 /* Pods-Smart_CarTests.debug.xcconfig */,
				AD42F10D0E3C970FB52CBFCB /* Pods-Smart_CarTests.release.xcconfig */,
			);
			path = Pods;
			sourceTree = "<group>";
		};
/* End PBXGroup section */

/* Begin PBXNativeTarget section */
		26E6EDA525BF394E001B97E5 /* Smart_Car */ = {
			isa = PBXNativeTarget;
			buildConfigurationList = 26E6EDD325BF3950001B97E5 /* Build configuration list for PBXNativeTarget "Smart_Car" */;
			buildPhases = (
				923E55CECFE7A133BE1F0552 /* [CP] Check Pods Manifest.lock */,
				26E6EDA225BF394E001B97E5 /* Sources */,
				26E6EDA325BF394E001B97E5 /* Frameworks */,
				26E6EDA425BF394E001B97E5 /* Resources */,
				FE257E7150188CAF3906B72F /* [CP] Embed Pods Frameworks */,
			);
			buildRules = (
			);
			dependencies = (
			);
			name = Smart_Car;
			productName = Smart_Car;
			productReference = 26E6EDA625BF394E001B97E5 /* Smart_Car.app */;
			productType = "com.apple.product-type.application";
		};
		26E6EDBE25BF3950001B97E5 /* Smart_CarTests */ = {
			isa = PBXNativeTarget;
			buildConfigurationList = 26E6EDD625BF3950001B97E5 /* Build configuration list for PBXNativeTarget "Smart_CarTests" */;
			buildPhases = (
				4D7792D028A6C500BA390C5F /* [CP] Check Pods Manifest.lock */,
				26E6EDBB25BF3950001B97E5 /* Sources */,
				26E6EDBC25BF3950001B97E5 /* Frameworks */,
				26E6EDBD25BF3950001B97E5 /* Resources */,
			);
			buildRules = (
			);
			dependencies = (
				26E6EDC125BF3950001B97E5 /* PBXTargetDependency */,
			);
			name = Smart_CarTests;
			productName = Smart_CarTests;
			productReference = 26E6EDBF25BF3950001B97E5 /* Smart_CarTests.xctest */;
			productType = "com.apple.product-type.bundle.unit-test";
		};
		26E6EDC925BF3950001B97E5 /* Smart_CarUITests */ = {
			isa = PBXNativeTarget;
			buildConfigurationList = 26E6EDD925BF3950001B97E5 /* Build configuration list for PBXNativeTarget "Smart_CarUITests" */;
			buildPhases = (
				04718B539DEA8B8357770EE0 /* [CP] Check Pods Manifest.lock */,
				26E6EDC625BF3950001B97E5 /* Sources */,
				26E6EDC725BF3950001B97E5 /* Frameworks */,
				26E6EDC825BF3950001B97E5 /* Resources */,
				5A9FA45AD5AA143A228E5682 /* [CP] Embed Pods Frameworks */,
			);
			buildRules = (
			);
			dependencies = (
				26E6EDCC25BF3950001B97E5 /* PBXTargetDependency */,
			);
			name = Smart_CarUITests;
			productName = Smart_CarUITests;
			productReference = 26E6EDCA25BF3950001B97E5 /* Smart_CarUITests.xctest */;
			productType = "com.apple.product-type.bundle.ui-testing";
		};
/* End PBXNativeTarget section */

/* Begin PBXProject section */
		26E6ED9E25BF394E001B97E5 /* Project object */ = {
			isa = PBXProject;
			attributes = {
				LastSwiftUpdateCheck = 1230;
				LastUpgradeCheck = 1230;
				TargetAttributes = {
					26E6EDA525BF394E001B97E5 = {
						CreatedOnToolsVersion = 12.3;
					};
					26E6EDBE25BF3950001B97E5 = {
						CreatedOnToolsVersion = 12.3;
						TestTargetID = 26E6EDA525BF394E001B97E5;
					};
					26E6EDC925BF3950001B97E5 = {
						CreatedOnToolsVersion = 12.3;
						TestTargetID = 26E6EDA525BF394E001B97E5;
					};
				};
			};
			buildConfigurationList = 26E6EDA125BF394E001B97E5 /* Build configuration list for PBXProject "Smart_Car" */;
			compatibilityVersion = "Xcode 9.3";
			developmentRegion = en;
			hasScannedForEncodings = 0;
			knownRegions = (
				en,
				Base,
				sv,
				pl,
				ru,
				fr,
				nl,
				de,
				da,
			);
			mainGroup = 26E6ED9D25BF394E001B97E5;
			productRefGroup = 26E6EDA725BF394E001B97E5 /* Products */;
			projectDirPath = "";
			projectRoot = "";
			targets = (
				26E6EDA525BF394E001B97E5 /* Smart_Car */,
				26E6EDBE25BF3950001B97E5 /* Smart_CarTests */,
				26E6EDC925BF3950001B97E5 /* Smart_CarUITests */,
			);
		};
/* End PBXProject section */

/* Begin PBXResourcesBuildPhase section */
		26E6EDA425BF394E001B97E5 /* Resources */ = {
			isa = PBXResourcesBuildPhase;
			buildActionMask = 2147483647;
			files = (
				26E6EDB925BF394F001B97E5 /* LaunchScreen.storyboard in Resources */,
				266DB64E25C85BE400CBD1A3 /* Localizable.strings in Resources */,
				2617A86825C09AD1008DD63A /* Assets.xcassets in Resources */,
				26E6EDB125BF394E001B97E5 /* Main.storyboard in Resources */,
			);
			runOnlyForDeploymentPostprocessing = 0;
		};
		26E6EDBD25BF3950001B97E5 /* Resources */ = {
			isa = PBXResourcesBuildPhase;
			buildActionMask = 2147483647;
			files = (
			);
			runOnlyForDeploymentPostprocessing = 0;
		};
		26E6EDC825BF3950001B97E5 /* Resources */ = {
			isa = PBXResourcesBuildPhase;
			buildActionMask = 2147483647;
			files = (
			);
			runOnlyForDeploymentPostprocessing = 0;
		};
/* End PBXResourcesBuildPhase section */

/* Begin PBXShellScriptBuildPhase section */
		04718B539DEA8B8357770EE0 /* [CP] Check Pods Manifest.lock */ = {
			isa = PBXShellScriptBuildPhase;
			buildActionMask = 2147483647;
			files = (
			);
			inputFileListPaths = (
			);
			inputPaths = (
				"${PODS_PODFILE_DIR_PATH}/Podfile.lock",
				"${PODS_ROOT}/Manifest.lock",
			);
			name = "[CP] Check Pods Manifest.lock";
			outputFileListPaths = (
			);
			outputPaths = (
				"$(DERIVED_FILE_DIR)/Pods-Smart_Car-Smart_CarUITests-checkManifestLockResult.txt",
			);
			runOnlyForDeploymentPostprocessing = 0;
			shellPath = /bin/sh;
			shellScript = "diff \"${PODS_PODFILE_DIR_PATH}/Podfile.lock\" \"${PODS_ROOT}/Manifest.lock\" > /dev/null\nif [ $? != 0 ] ; then\n    # print error to STDERR\n    echo \"error: The sandbox is not in sync with the Podfile.lock. Run 'pod install' or update your CocoaPods installation.\" >&2\n    exit 1\nfi\n# This output is used by Xcode 'outputs' to avoid re-running this script phase.\necho \"SUCCESS\" > \"${SCRIPT_OUTPUT_FILE_0}\"\n";
			showEnvVarsInLog = 0;
		};
		4D7792D028A6C500BA390C5F /* [CP] Check Pods Manifest.lock */ = {
			isa = PBXShellScriptBuildPhase;
			buildActionMask = 2147483647;
			files = (
			);
			inputFileListPaths = (
			);
			inputPaths = (
				"${PODS_PODFILE_DIR_PATH}/Podfile.lock",
				"${PODS_ROOT}/Manifest.lock",
			);
			name = "[CP] Check Pods Manifest.lock";
			outputFileListPaths = (
			);
			outputPaths = (
				"$(DERIVED_FILE_DIR)/Pods-Smart_CarTests-checkManifestLockResult.txt",
			);
			runOnlyForDeploymentPostprocessing = 0;
			shellPath = /bin/sh;
			shellScript = "diff \"${PODS_PODFILE_DIR_PATH}/Podfile.lock\" \"${PODS_ROOT}/Manifest.lock\" > /dev/null\nif [ $? != 0 ] ; then\n    # print error to STDERR\n    echo \"error: The sandbox is not in sync with the Podfile.lock. Run 'pod install' or update your CocoaPods installation.\" >&2\n    exit 1\nfi\n# This output is used by Xcode 'outputs' to avoid re-running this script phase.\necho \"SUCCESS\" > \"${SCRIPT_OUTPUT_FILE_0}\"\n";
			showEnvVarsInLog = 0;
		};
		5A9FA45AD5AA143A228E5682 /* [CP] Embed Pods Frameworks */ = {
			isa = PBXShellScriptBuildPhase;
			buildActionMask = 2147483647;
			files = (
			);
			inputFileListPaths = (
				"${PODS_ROOT}/Target Support Files/Pods-Smart_Car-Smart_CarUITests/Pods-Smart_Car-Smart_CarUITests-frameworks-${CONFIGURATION}-input-files.xcfilelist",
			);
			name = "[CP] Embed Pods Frameworks";
			outputFileListPaths = (
				"${PODS_ROOT}/Target Support Files/Pods-Smart_Car-Smart_CarUITests/Pods-Smart_Car-Smart_CarUITests-frameworks-${CONFIGURATION}-output-files.xcfilelist",
			);
			runOnlyForDeploymentPostprocessing = 0;
			shellPath = /bin/sh;
			shellScript = "\"${PODS_ROOT}/Target Support Files/Pods-Smart_Car-Smart_CarUITests/Pods-Smart_Car-Smart_CarUITests-frameworks.sh\"\n";
			showEnvVarsInLog = 0;
		};
		923E55CECFE7A133BE1F0552 /* [CP] Check Pods Manifest.lock */ = {
			isa = PBXShellScriptBuildPhase;
			buildActionMask = 2147483647;
			files = (
			);
			inputFileListPaths = (
			);
			inputPaths = (
				"${PODS_PODFILE_DIR_PATH}/Podfile.lock",
				"${PODS_ROOT}/Manifest.lock",
			);
			name = "[CP] Check Pods Manifest.lock";
			outputFileListPaths = (
			);
			outputPaths = (
				"$(DERIVED_FILE_DIR)/Pods-Smart_Car-checkManifestLockResult.txt",
			);
			runOnlyForDeploymentPostprocessing = 0;
			shellPath = /bin/sh;
			shellScript = "diff \"${PODS_PODFILE_DIR_PATH}/Podfile.lock\" \"${PODS_ROOT}/Manifest.lock\" > /dev/null\nif [ $? != 0 ] ; then\n    # print error to STDERR\n    echo \"error: The sandbox is not in sync with the Podfile.lock. Run 'pod install' or update your CocoaPods installation.\" >&2\n    exit 1\nfi\n# This output is used by Xcode 'outputs' to avoid re-running this script phase.\necho \"SUCCESS\" > \"${SCRIPT_OUTPUT_FILE_0}\"\n";
			showEnvVarsInLog = 0;
		};
		FE257E7150188CAF3906B72F /* [CP] Embed Pods Frameworks */ = {
			isa = PBXShellScriptBuildPhase;
			buildActionMask = 2147483647;
			files = (
			);
			inputFileListPaths = (
				"${PODS_ROOT}/Target Support Files/Pods-Smart_Car/Pods-Smart_Car-frameworks-${CONFIGURATION}-input-files.xcfilelist",
			);
			name = "[CP] Embed Pods Frameworks";
			outputFileListPaths = (
				"${PODS_ROOT}/Target Support Files/Pods-Smart_Car/Pods-Smart_Car-frameworks-${CONFIGURATION}-output-files.xcfilelist",
			);
			runOnlyForDeploymentPostprocessing = 0;
			shellPath = /bin/sh;
			shellScript = "\"${PODS_ROOT}/Target Support Files/Pods-Smart_Car/Pods-Smart_Car-frameworks.sh\"\n";
			showEnvVarsInLog = 0;
		};
/* End PBXShellScriptBuildPhase section */

/* Begin PBXSourcesBuildPhase section */
		26E6EDA225BF394E001B97E5 /* Sources */ = {
			isa = PBXSourcesBuildPhase;
			buildActionMask = 2147483647;
			files = (
				2659FA3925E6A342000D33E6 /* Alert.swift in Sources */,
				2659FA2225E69951000D33E6 /* SaveiCloud.swift in Sources */,
				26E6EDAE25BF394E001B97E5 /* ViewController.swift in Sources */,
				26E6EDAA25BF394E001B97E5 /* AppDelegate.swift in Sources */,
				26817BCD25C2337400B27434 /* MathOperations.swift in Sources */,
				26E6EDB425BF394E001B97E5 /* Smart_Car.xcdatamodeld in Sources */,
				26AD6C8E25DD6D5700F00D40 /* HistoryController.swift in Sources */,
				26E6EDAC25BF394E001B97E5 /* SceneDelegate.swift in Sources */,
			);
			runOnlyForDeploymentPostprocessing = 0;
		};
		26E6EDBB25BF3950001B97E5 /* Sources */ = {
			isa = PBXSourcesBuildPhase;
			buildActionMask = 2147483647;
			files = (
				26E6EDC425BF3950001B97E5 /* Smart_CarTests.swift in Sources */,
			);
			runOnlyForDeploymentPostprocessing = 0;
		};
		26E6EDC625BF3950001B97E5 /* Sources */ = {
			isa = PBXSourcesBuildPhase;
			buildActionMask = 2147483647;
			files = (
				26E6EDCF25BF3950001B97E5 /* Smart_CarUITests.swift in Sources */,
			);
			runOnlyForDeploymentPostprocessing = 0;
		};
/* End PBXSourcesBuildPhase section */

/* Begin PBXTargetDependency section */
		26E6EDC125BF3950001B97E5 /* PBXTargetDependency */ = {
			isa = PBXTargetDependency;
			target = 26E6EDA525BF394E001B97E5 /* Smart_Car */;
			targetProxy = 26E6EDC025BF3950001B97E5 /* PBXContainerItemProxy */;
		};
		26E6EDCC25BF3950001B97E5 /* PBXTargetDependency */ = {
			isa = PBXTargetDependency;
			target = 26E6EDA525BF394E001B97E5 /* Smart_Car */;
			targetProxy = 26E6EDCB25BF3950001B97E5 /* PBXContainerItemProxy */;
		};
/* End PBXTargetDependency section */

/* Begin PBXVariantGroup section */
		266DB65025C85BE400CBD1A3 /* Localizable.strings */ = {
			isa = PBXVariantGroup;
			children = (
				266DB64F25C85BE400CBD1A3 /* en */,
				266DB65425C85BE700CBD1A3 /* fr */,
				266DB65525C85BE800CBD1A3 /* ru */,
				266DB65625C85BE900CBD1A3 /* pl */,
				266DB65725C85BEA00CBD1A3 /* sv */,
				266DB65D25C8646700CBD1A3 /* nl */,
				266DB66F25C8815E00CBD1A3 /* de */,
				2606775025CC571A004FA4E5 /* da */,
			);
			name = Localizable.strings;
			sourceTree = "<group>";
		};
		26E6EDAF25BF394E001B97E5 /* Main.storyboard */ = {
			isa = PBXVariantGroup;
			children = (
				26E6EDB025BF394E001B97E5 /* Base */,
				266DB63A25C85B5000CBD1A3 /* sv */,
				266DB64225C85B5F00CBD1A3 /* pl */,
				266DB64425C85B9200CBD1A3 /* ru */,
				266DB64625C85B9D00CBD1A3 /* fr */,
				266DB65B25C8646600CBD1A3 /* nl */,
				266DB66D25C8815E00CBD1A3 /* de */,
				2606774E25CC5719004FA4E5 /* da */,
				2662C5E925DC637B00891DD3 /* en */,
			);
			name = Main.storyboard;
			sourceTree = "<group>";
		};
		26E6EDB725BF394F001B97E5 /* LaunchScreen.storyboard */ = {
			isa = PBXVariantGroup;
			children = (
				26E6EDB825BF394F001B97E5 /* Base */,
				266DB63E25C85B5000CBD1A3 /* sv */,
				266DB64325C85B6000CBD1A3 /* pl */,
				266DB64525C85B9300CBD1A3 /* ru */,
				266DB64725C85B9D00CBD1A3 /* fr */,
				266DB65C25C8646700CBD1A3 /* nl */,
				266DB66E25C8815E00CBD1A3 /* de */,
				2606774F25CC5719004FA4E5 /* da */,
			);
			name = LaunchScreen.storyboard;
			sourceTree = "<group>";
		};
/* End PBXVariantGroup section */

/* Begin XCBuildConfiguration section */
		26E6EDD125BF3950001B97E5 /* Debug */ = {
			isa = XCBuildConfiguration;
			buildSettings = {
				ALWAYS_SEARCH_USER_PATHS = NO;
				CLANG_ANALYZER_LOCALIZABILITY_NONLOCALIZED = YES;
				CLANG_ANALYZER_NONNULL = YES;
				CLANG_ANALYZER_NUMBER_OBJECT_CONVERSION = YES_AGGRESSIVE;
				CLANG_CXX_LANGUAGE_STANDARD = "gnu++14";
				CLANG_CXX_LIBRARY = "libc++";
				CLANG_ENABLE_MODULES = YES;
				CLANG_ENABLE_OBJC_ARC = YES;
				CLANG_ENABLE_OBJC_WEAK = YES;
				CLANG_WARN_BLOCK_CAPTURE_AUTORELEASING = YES;
				CLANG_WARN_BOOL_CONVERSION = YES;
				CLANG_WARN_COMMA = YES;
				CLANG_WARN_CONSTANT_CONVERSION = YES;
				CLANG_WARN_DEPRECATED_OBJC_IMPLEMENTATIONS = YES;
				CLANG_WARN_DIRECT_OBJC_ISA_USAGE = YES_ERROR;
				CLANG_WARN_DOCUMENTATION_COMMENTS = YES;
				CLANG_WARN_EMPTY_BODY = YES;
				CLANG_WARN_ENUM_CONVERSION = YES;
				CLANG_WARN_INFINITE_RECURSION = YES;
				CLANG_WARN_INT_CONVERSION = YES;
				CLANG_WARN_NON_LITERAL_NULL_CONVERSION = YES;
				CLANG_WARN_OBJC_IMPLICIT_RETAIN_SELF = YES;
				CLANG_WARN_OBJC_LITERAL_CONVERSION = YES;
				CLANG_WARN_OBJC_ROOT_CLASS = YES_ERROR;
				CLANG_WARN_QUOTED_INCLUDE_IN_FRAMEWORK_HEADER = YES;
				CLANG_WARN_RANGE_LOOP_ANALYSIS = YES;
				CLANG_WARN_STRICT_PROTOTYPES = YES;
				CLANG_WARN_SUSPICIOUS_MOVE = YES;
				CLANG_WARN_UNGUARDED_AVAILABILITY = YES_AGGRESSIVE;
				CLANG_WARN_UNREACHABLE_CODE = YES;
				CLANG_WARN__DUPLICATE_METHOD_MATCH = YES;
				COPY_PHASE_STRIP = NO;
				DEBUG_INFORMATION_FORMAT = dwarf;
				ENABLE_STRICT_OBJC_MSGSEND = YES;
				ENABLE_TESTABILITY = YES;
				GCC_C_LANGUAGE_STANDARD = gnu11;
				GCC_DYNAMIC_NO_PIC = NO;
				GCC_NO_COMMON_BLOCKS = YES;
				GCC_OPTIMIZATION_LEVEL = 0;
				GCC_PREPROCESSOR_DEFINITIONS = (
					"DEBUG=1",
					"$(inherited)",
				);
				GCC_WARN_64_TO_32_BIT_CONVERSION = YES;
				GCC_WARN_ABOUT_RETURN_TYPE = YES_ERROR;
				GCC_WARN_UNDECLARED_SELECTOR = YES;
				GCC_WARN_UNINITIALIZED_AUTOS = YES_AGGRESSIVE;
				GCC_WARN_UNUSED_FUNCTION = YES;
				GCC_WARN_UNUSED_VARIABLE = YES;
				IPHONEOS_DEPLOYMENT_TARGET = 14.3;
				MTL_ENABLE_DEBUG_INFO = INCLUDE_SOURCE;
				MTL_FAST_MATH = YES;
				ONLY_ACTIVE_ARCH = YES;
				SDKROOT = iphoneos;
				SWIFT_ACTIVE_COMPILATION_CONDITIONS = DEBUG;
				SWIFT_OPTIMIZATION_LEVEL = "-Onone";
			};
			name = Debug;
		};
		26E6EDD225BF3950001B97E5 /* Release */ = {
			isa = XCBuildConfiguration;
			buildSettings = {
				ALWAYS_SEARCH_USER_PATHS = NO;
				CLANG_ANALYZER_LOCALIZABILITY_NONLOCALIZED = YES;
				CLANG_ANALYZER_NONNULL = YES;
				CLANG_ANALYZER_NUMBER_OBJECT_CONVERSION = YES_AGGRESSIVE;
				CLANG_CXX_LANGUAGE_STANDARD = "gnu++14";
				CLANG_CXX_LIBRARY = "libc++";
				CLANG_ENABLE_MODULES = YES;
				CLANG_ENABLE_OBJC_ARC = YES;
				CLANG_ENABLE_OBJC_WEAK = YES;
				CLANG_WARN_BLOCK_CAPTURE_AUTORELEASING = YES;
				CLANG_WARN_BOOL_CONVERSION = YES;
				CLANG_WARN_COMMA = YES;
				CLANG_WARN_CONSTANT_CONVERSION = YES;
				CLANG_WARN_DEPRECATED_OBJC_IMPLEMENTATIONS = YES;
				CLANG_WARN_DIRECT_OBJC_ISA_USAGE = YES_ERROR;
				CLANG_WARN_DOCUMENTATION_COMMENTS = YES;
				CLANG_WARN_EMPTY_BODY = YES;
				CLANG_WARN_ENUM_CONVERSION = YES;
				CLANG_WARN_INFINITE_RECURSION = YES;
				CLANG_WARN_INT_CONVERSION = YES;
				CLANG_WARN_NON_LITERAL_NULL_CONVERSION = YES;
				CLANG_WARN_OBJC_IMPLICIT_RETAIN_SELF = YES;
				CLANG_WARN_OBJC_LITERAL_CONVERSION = YES;
				CLANG_WARN_OBJC_ROOT_CLASS = YES_ERROR;
				CLANG_WARN_QUOTED_INCLUDE_IN_FRAMEWORK_HEADER = YES;
				CLANG_WARN_RANGE_LOOP_ANALYSIS = YES;
				CLANG_WARN_STRICT_PROTOTYPES = YES;
				CLANG_WARN_SUSPICIOUS_MOVE = YES;
				CLANG_WARN_UNGUARDED_AVAILABILITY = YES_AGGRESSIVE;
				CLANG_WARN_UNREACHABLE_CODE = YES;
				CLANG_WARN__DUPLICATE_METHOD_MATCH = YES;
				COPY_PHASE_STRIP = NO;
				DEBUG_INFORMATION_FORMAT = "dwarf-with-dsym";
				ENABLE_NS_ASSERTIONS = NO;
				ENABLE_STRICT_OBJC_MSGSEND = YES;
				GCC_C_LANGUAGE_STANDARD = gnu11;
				GCC_NO_COMMON_BLOCKS = YES;
				GCC_WARN_64_TO_32_BIT_CONVERSION = YES;
				GCC_WARN_ABOUT_RETURN_TYPE = YES_ERROR;
				GCC_WARN_UNDECLARED_SELECTOR = YES;
				GCC_WARN_UNINITIALIZED_AUTOS = YES_AGGRESSIVE;
				GCC_WARN_UNUSED_FUNCTION = YES;
				GCC_WARN_UNUSED_VARIABLE = YES;
				IPHONEOS_DEPLOYMENT_TARGET = 14.3;
				MTL_ENABLE_DEBUG_INFO = NO;
				MTL_FAST_MATH = YES;
				SDKROOT = iphoneos;
				SWIFT_COMPILATION_MODE = wholemodule;
				SWIFT_OPTIMIZATION_LEVEL = "-O";
				VALIDATE_PRODUCT = YES;
			};
			name = Release;
		};
		26E6EDD425BF3950001B97E5 /* Debug */ = {
			isa = XCBuildConfiguration;
			baseConfigurationReference = B26B7AC08CE04BADA99811BD /* Pods-Smart_Car.debug.xcconfig */;
			buildSettings = {
				ASSETCATALOG_COMPILER_APPICON_NAME = AppIcon;
				ASSETCATALOG_COMPILER_GLOBAL_ACCENT_COLOR_NAME = AccentColor;
				CODE_SIGN_ENTITLEMENTS = Smart_Car/Smart_Car.entitlements;
				CODE_SIGN_STYLE = Automatic;
				DEVELOPMENT_TEAM = 7P496T4UGL;
				INFOPLIST_FILE = Smart_Car/Info.plist;
				LD_RUNPATH_SEARCH_PATHS = (
					"$(inherited)",
					"@executable_path/Frameworks",
				);
				MARKETING_VERSION = 1.2.1;
				PRODUCT_BUNDLE_IDENTIFIER = "software.copypaste.Smart-Car";
				PRODUCT_NAME = "$(TARGET_NAME)";
				SWIFT_VERSION = 5.0;
				TARGETED_DEVICE_FAMILY = "1,2";
			};
			name = Debug;
		};
		26E6EDD525BF3950001B97E5 /* Release */ = {
			isa = XCBuildConfiguration;
			baseConfigurationReference = A305CCC33DE0BF5CBD46F5E9 /* Pods-Smart_Car.release.xcconfig */;
			buildSettings = {
				ASSETCATALOG_COMPILER_APPICON_NAME = AppIcon;
				ASSETCATALOG_COMPILER_GLOBAL_ACCENT_COLOR_NAME = AccentColor;
				CODE_SIGN_ENTITLEMENTS = Smart_Car/Smart_Car.entitlements;
				CODE_SIGN_STYLE = Automatic;
				DEVELOPMENT_TEAM = 7P496T4UGL;
				INFOPLIST_FILE = Smart_Car/Info.plist;
				LD_RUNPATH_SEARCH_PATHS = (
					"$(inherited)",
					"@executable_path/Frameworks",
				);
				MARKETING_VERSION = 1.2.1;
				PRODUCT_BUNDLE_IDENTIFIER = "software.copypaste.Smart-Car";
				PRODUCT_NAME = "$(TARGET_NAME)";
				SWIFT_VERSION = 5.0;
				TARGETED_DEVICE_FAMILY = "1,2";
			};
			name = Release;
		};
		26E6EDD725BF3950001B97E5 /* Debug */ = {
			isa = XCBuildConfiguration;
			baseConfigurationReference = FB8B9EF68A716BF707BF2A37 /* Pods-Smart_CarTests.debug.xcconfig */;
			buildSettings = {
				ALWAYS_EMBED_SWIFT_STANDARD_LIBRARIES = YES;
				BUNDLE_LOADER = "$(TEST_HOST)";
				CODE_SIGN_STYLE = Automatic;
				DEVELOPMENT_TEAM = 7P496T4UGL;
				INFOPLIST_FILE = Smart_CarTests/Info.plist;
				IPHONEOS_DEPLOYMENT_TARGET = 14.3;
				LD_RUNPATH_SEARCH_PATHS = (
					"$(inherited)",
					"@executable_path/Frameworks",
					"@loader_path/Frameworks",
				);
				PRODUCT_BUNDLE_IDENTIFIER = "software.copypaste.Smart-CarTests";
				PRODUCT_NAME = "$(TARGET_NAME)";
				SWIFT_VERSION = 5.0;
				TARGETED_DEVICE_FAMILY = "1,2";
				TEST_HOST = "$(BUILT_PRODUCTS_DIR)/Smart_Car.app/Smart_Car";
			};
			name = Debug;
		};
		26E6EDD825BF3950001B97E5 /* Release */ = {
			isa = XCBuildConfiguration;
			baseConfigurationReference = AD42F10D0E3C970FB52CBFCB /* Pods-Smart_CarTests.release.xcconfig */;
			buildSettings = {
				ALWAYS_EMBED_SWIFT_STANDARD_LIBRARIES = YES;
				BUNDLE_LOADER = "$(TEST_HOST)";
				CODE_SIGN_STYLE = Automatic;
				DEVELOPMENT_TEAM = 7P496T4UGL;
				INFOPLIST_FILE = Smart_CarTests/Info.plist;
				IPHONEOS_DEPLOYMENT_TARGET = 14.3;
				LD_RUNPATH_SEARCH_PATHS = (
					"$(inherited)",
					"@executable_path/Frameworks",
					"@loader_path/Frameworks",
				);
				PRODUCT_BUNDLE_IDENTIFIER = "software.copypaste.Smart-CarTests";
				PRODUCT_NAME = "$(TARGET_NAME)";
				SWIFT_VERSION = 5.0;
				TARGETED_DEVICE_FAMILY = "1,2";
				TEST_HOST = "$(BUILT_PRODUCTS_DIR)/Smart_Car.app/Smart_Car";
			};
			name = Release;
		};
		26E6EDDA25BF3950001B97E5 /* Debug */ = {
			isa = XCBuildConfiguration;
			baseConfigurationReference = 6153666467B750C152C0A1A0 /* Pods-Smart_Car-Smart_CarUITests.debug.xcconfig */;
			buildSettings = {
				ALWAYS_EMBED_SWIFT_STANDARD_LIBRARIES = YES;
				CODE_SIGN_STYLE = Automatic;
				DEVELOPMENT_TEAM = 7P496T4UGL;
				INFOPLIST_FILE = Smart_CarUITests/Info.plist;
				LD_RUNPATH_SEARCH_PATHS = (
					"$(inherited)",
					"@executable_path/Frameworks",
					"@loader_path/Frameworks",
				);
				PRODUCT_BUNDLE_IDENTIFIER = "software.copypaste.Smart-CarUITests";
				PRODUCT_NAME = "$(TARGET_NAME)";
				SWIFT_VERSION = 5.0;
				TARGETED_DEVICE_FAMILY = "1,2";
				TEST_TARGET_NAME = Smart_Car;
			};
			name = Debug;
		};
		26E6EDDB25BF3950001B97E5 /* Release */ = {
			isa = XCBuildConfiguration;
			baseConfigurationReference = E5B5279CCC33B47477D75138 /* Pods-Smart_Car-Smart_CarUITests.release.xcconfig */;
			buildSettings = {
				ALWAYS_EMBED_SWIFT_STANDARD_LIBRARIES = YES;
				CODE_SIGN_STYLE = Automatic;
				DEVELOPMENT_TEAM = 7P496T4UGL;
				INFOPLIST_FILE = Smart_CarUITests/Info.plist;
				LD_RUNPATH_SEARCH_PATHS = (
					"$(inherited)",
					"@executable_path/Frameworks",
					"@loader_path/Frameworks",
				);
				PRODUCT_BUNDLE_IDENTIFIER = "software.copypaste.Smart-CarUITests";
				PRODUCT_NAME = "$(TARGET_NAME)";
				SWIFT_VERSION = 5.0;
				TARGETED_DEVICE_FAMILY = "1,2";
				TEST_TARGET_NAME = Smart_Car;
			};
			name = Release;
		};
/* End XCBuildConfiguration section */

/* Begin XCConfigurationList section */
		26E6EDA125BF394E001B97E5 /* Build configuration list for PBXProject "Smart_Car" */ = {
			isa = XCConfigurationList;
			buildConfigurations = (
				26E6EDD125BF3950001B97E5 /* Debug */,
				26E6EDD225BF3950001B97E5 /* Release */,
			);
			defaultConfigurationIsVisible = 0;
			defaultConfigurationName = Release;
		};
		26E6EDD325BF3950001B97E5 /* Build configuration list for PBXNativeTarget "Smart_Car" */ = {
			isa = XCConfigurationList;
			buildConfigurations = (
				26E6EDD425BF3950001B97E5 /* Debug */,
				26E6EDD525BF3950001B97E5 /* Release */,
			);
			defaultConfigurationIsVisible = 0;
			defaultConfigurationName = Release;
		};
		26E6EDD625BF3950001B97E5 /* Build configuration list for PBXNativeTarget "Smart_CarTests" */ = {
			isa = XCConfigurationList;
			buildConfigurations = (
				26E6EDD725BF3950001B97E5 /* Debug */,
				26E6EDD825BF3950001B97E5 /* Release */,
			);
			defaultConfigurationIsVisible = 0;
			defaultConfigurationName = Release;
		};
		26E6EDD925BF3950001B97E5 /* Build configuration list for PBXNativeTarget "Smart_CarUITests" */ = {
			isa = XCConfigurationList;
			buildConfigurations = (
				26E6EDDA25BF3950001B97E5 /* Debug */,
				26E6EDDB25BF3950001B97E5 /* Release */,
			);
			defaultConfigurationIsVisible = 0;
			defaultConfigurationName = Release;
		};
/* End XCConfigurationList section */

/* Begin XCVersionGroup section */
		26E6EDB225BF394E001B97E5 /* Smart_Car.xcdatamodeld */ = {
			isa = XCVersionGroup;
			children = (
				26E6EDB325BF394E001B97E5 /* Smart_Car.xcdatamodel */,
			);
			currentVersion = 26E6EDB325BF394E001B97E5 /* Smart_Car.xcdatamodel */;
			path = Smart_Car.xcdatamodeld;
			sourceTree = "<group>";
			versionGroupType = wrapper.xcdatamodel;
		};
/* End XCVersionGroup section */
	};
	rootObject = 26E6ED9E25BF394E001B97E5 /* Project object */;
}
